
Microsoft Visual Studio Solution File, Format Version 12.00
# Visual Studio Version 17
VisualStudioVersion = 17.10.34916.146
MinimumVisualStudioVersion = 10.0.40219.1
Project("{FAE04EC0-301F-11D3-BF4B-00C04F79EFBC}") = "FilmKiralamaDukkani", "FilmKiralamaDukkani\FilmKiralamaDukkani.csproj", "{FAC8CA2A-3EB0-432C-B5E3-B2259CA5629E}"
EndProject
Global
	GlobalSection(SolutionConfigurationPlatforms) = preSolution
		Debug|Any CPU = Debug|Any CPU
		Release|Any CPU = Release|Any CPU
	EndGlobalSection
	GlobalSection(ProjectConfigurationPlatforms) = postSolution
		{FAC8CA2A-3EB0-432C-B5E3-B2259CA5629E}.Debug|Any CPU.ActiveCfg = Debug|Any CPU
		{FAC8CA2A-3EB0-432C-B5E3-B2259CA5629E}.Debug|Any CPU.Build.0 = Debug|Any CPU
		{FAC8CA2A-3EB0-432C-B5E3-B2259CA5629E}.Release|Any CPU.ActiveCfg = Release|Any CPU
		{FAC8CA2A-3EB0-432C-B5E3-B2259CA5629E}.Release|Any CPU.Build.0 = Release|Any CPU
	EndGlobalSection
	GlobalSection(SolutionProperties) = preSolution
		HideSolutionNode = FALSE
	EndGlobalSection
	GlobalSection(ExtensibilityGlobals) = postSolution
		SolutionGuid = {636C8705-8DE0-4136-8CCC-3E4A44818059}
	EndGlobalSection
EndGlobal
